
Microsoft Visual Studio Solution File, Format Version 12.00
# Visual Studio Version 16
VisualStudioVersion = 16.0.31019.35
MinimumVisualStudioVersion = 10.0.40219.1
Project("{FAE04EC0-301F-11D3-BF4B-00C04F79EFBC}") = "MemoryCacheApp", "MemoryCacheApp\MemoryCacheApp.csproj", "{81FE21F7-51D9-4972-A1FB-5B6008E44E3E}"
EndProject
Global
	GlobalSection(SolutionConfigurationPlatforms) = preSolution
		Debug|Any CPU = Debug|Any CPU
		Release|Any CPU = Release|Any CPU
	EndGlobalSection
	GlobalSection(ProjectConfigurationPlatforms) = postSolution
		{81FE21F7-51D9-4972-A1FB-5B6008E44E3E}.Debug|Any CPU.ActiveCfg = Debug|Any CPU
		{81FE21F7-51D9-4972-A1FB-5B6008E44E3E}.Debug|Any CPU.Build.0 = Debug|Any CPU
		{81FE21F7-51D9-4972-A1FB-5B6008E44E3E}.Release|Any CPU.ActiveCfg = Release|Any CPU
		{81FE21F7-51D9-4972-A1FB-5B6008E44E3E}.Release|Any CPU.Build.0 = Release|Any CPU
	EndGlobalSection
	GlobalSection(SolutionProperties) = preSolution
		HideSolutionNode = FALSE
	EndGlobalSection
	GlobalSection(ExtensibilityGlobals) = postSolution
		SolutionGuid = {7211B764-F2B2-4766-BFAF-5A584B6F0CA6}
	EndGlobalSection
EndGlobal
