
Microsoft Visual Studio Solution File, Format Version 12.00
# Visual Studio Version 16
VisualStudioVersion = 16.0.31019.35
MinimumVisualStudioVersion = 10.0.40219.1
Project("{FAE04EC0-301F-11D3-BF4B-00C04F79EFBC}") = "MemoryCacheApp", "MemoryCacheApp\MemoryCacheApp.csproj", "{81FE21F7-51D9-4972-A1FB-5B6008E44E3E}"
EndProject
Project("{9A19103F-16F7-4668-BE54-9A1E7A4F7556}") = "GrpcMemoryCache", "GrpcMemoryCache\GrpcMemoryCache.csproj", "{FED257A2-00F9-4BAB-B5E3-F6C4FB2099D1}"
EndProject
Project("{FAE04EC0-301F-11D3-BF4B-00C04F79EFBC}") = "TestClient2", "TestClient2\TestClient2.csproj", "{16363BDC-0180-438C-A14E-A243D087F556}"
EndProject
Global
	GlobalSection(SolutionConfigurationPlatforms) = preSolution
		Debug|Any CPU = Debug|Any CPU
		Release|Any CPU = Release|Any CPU
	EndGlobalSection
	GlobalSection(ProjectConfigurationPlatforms) = postSolution
		{81FE21F7-51D9-4972-A1FB-5B6008E44E3E}.Debug|Any CPU.ActiveCfg = Debug|Any CPU
		{81FE21F7-51D9-4972-A1FB-5B6008E44E3E}.Debug|Any CPU.Build.0 = Debug|Any CPU
		{81FE21F7-51D9-4972-A1FB-5B6008E44E3E}.Release|Any CPU.ActiveCfg = Release|Any CPU
		{81FE21F7-51D9-4972-A1FB-5B6008E44E3E}.Release|Any CPU.Build.0 = Release|Any CPU
		{FED257A2-00F9-4BAB-B5E3-F6C4FB2099D1}.Debug|Any CPU.ActiveCfg = Debug|Any CPU
		{FED257A2-00F9-4BAB-B5E3-F6C4FB2099D1}.Debug|Any CPU.Build.0 = Debug|Any CPU
		{FED257A2-00F9-4BAB-B5E3-F6C4FB2099D1}.Release|Any CPU.ActiveCfg = Release|Any CPU
		{FED257A2-00F9-4BAB-B5E3-F6C4FB2099D1}.Release|Any CPU.Build.0 = Release|Any CPU
		{16363BDC-0180-438C-A14E-A243D087F556}.Debug|Any CPU.ActiveCfg = Debug|Any CPU
		{16363BDC-0180-438C-A14E-A243D087F556}.Debug|Any CPU.Build.0 = Debug|Any CPU
		{16363BDC-0180-438C-A14E-A243D087F556}.Release|Any CPU.ActiveCfg = Release|Any CPU
		{16363BDC-0180-438C-A14E-A243D087F556}.Release|Any CPU.Build.0 = Release|Any CPU
	EndGlobalSection
	GlobalSection(SolutionProperties) = preSolution
		HideSolutionNode = FALSE
	EndGlobalSection
	GlobalSection(ExtensibilityGlobals) = postSolution
		SolutionGuid = {7211B764-F2B2-4766-BFAF-5A584B6F0CA6}
	EndGlobalSection
EndGlobal
